{
  "name": "openreel",
  "version": "0.1.0",
  "lockfileVersion": 3,
  "requires": true,
  "packages": {
    "": {
      "name": "openreel",
      "version": "0.1.0",
      "license": "MIT",
      "dependencies": {
        "@ffmpeg/core": "0.12.6",
        "@ffmpeg/core-mt": "0.12.6",
        "mediabunny": "^1.25.3"
      },
      "engines": {
        "node": ">=18.0.0",
        "pnpm": ">=8.0.0"
      }
    },
    "node_modules/@ffmpeg/core": {
      "version": "0.12.6",
      "resolved": "https://registry.npmjs.org/@ffmpeg/core/-/core-0.12.6.tgz",
      "integrity": "sha512-PrjWBTfGn2WVn9T7wGnzfFwChbqWeZc7tM9vvJZVRadYFUDakfzy7W0LpYC0cvvK0xT82qlBsk38lQhJ/Hps5A==",
      "license": "MIT",
      "engines": {
        "node": ">=16.x"
      }
    },
    "node_modules/@ffmpeg/core-mt": {
      "version": "0.12.6",
      "resolved": "https://registry.npmjs.org/@ffmpeg/core-mt/-/core-mt-0.12.6.tgz",
      "integrity": "sha512-f7wrOeUk24VFRi2Gfsp/mwwkK1hbDV0ajgm2fOU/oRi+IDullyzAYdHOagAWfpSZXcTPAGZ1Ild7HmBwr3k2tg==",
      "license": "MIT",
      "engines": {
        "node": ">=16.x"
      }
    },
    "node_modules/@types/dom-mediacapture-transform": {
      "version": "0.1.11",
      "resolved": "https://registry.npmjs.org/@types/dom-mediacapture-transform/-/dom-mediacapture-transform-0.1.11.tgz",
      "integrity": "sha512-Y2p+nGf1bF2XMttBnsVPHUWzRRZzqUoJAKmiP10b5umnO6DDrWI0BrGDJy1pOHoOULVmGSfFNkQrAlC5dcj6nQ==",
      "license": "MIT",
      "dependencies": {
        "@types/dom-webcodecs": "*"
      }
    },
    "node_modules/@types/dom-webcodecs": {
      "version": "0.1.13",
      "resolved": "https://registry.npmjs.org/@types/dom-webcodecs/-/dom-webcodecs-0.1.13.tgz",
      "integrity": "sha512-O5hkiFIcjjszPIYyUSyvScyvrBoV3NOEEZx/pMlsu44TKzWNkLVBBxnxJz42in5n3QIolYOcBYFCPZZ0h8SkwQ==",
      "license": "MIT"
    },
    "node_modules/mediabunny": {
      "version": "1.45.4",
      "resolved": "https://registry.npmjs.org/mediabunny/-/mediabunny-1.45.4.tgz",
      "integrity": "sha512-NtJl4va2wUhkNDAsS9ZVkK8cP54DK3jvqgQOf4h3DV5j8GS0rOXHCQTbjZehOkhrfUPLA5qls/zEtMAuGiVCyw==",
      "license": "MPL-2.0",
      "workspaces": [
        ".",
        "packages/*"
      ],
      "dependencies": {
        "@types/dom-mediacapture-transform": "^0.1.11",
        "@types/dom-webcodecs": "0.1.13"
      },
      "funding": {
        "type": "individual",
        "url": "https://github.com/sponsors/Vanilagy"
      }
    }
  }
}
